
Microsoft Visual Studio Solution File, Format Version 12.00
# Visual Studio 14
VisualStudioVersion = 14.0.23107.0
MinimumVisualStudioVersion = 10.0.40219.1
Project("{8BC9CEB8-8B4A-11D0-8D11-00A0C91BC942}") = "RF2OpenDashTester", "RF2OpenDashTester\RF2OpenDashTester.vcxproj", "{F99BB002-B925-4A8F-B6C8-58D2504FB6FB}"
EndProject
Project("{8BC9CEB8-8B4A-11D0-8D11-00A0C91BC942}") = "RF2OpenDashPlugin", "RF2OpenDashPlugin\RF2OpenDashPlugin.vcxproj", "{9DB316EA-5B97-4132-BA69-243FF0009F32}"
EndProject
Project("{8BC9CEB8-8B4A-11D0-8D11-00A0C91BC942}") = "RF2OpenDashLib", "RF2OpenDashLib\RF2OpenDashLib.vcxproj", "{012FA63F-31AE-47E7-9B54-E144AA0EE6DC}"
EndProject
Project("{8BC9CEB8-8B4A-11D0-8D11-00A0C91BC942}") = "RF2OpenDashServer", "RF2OpenDashServer\RF2OpenDashServer.vcxproj", "{FA321634-705C-42F8-B1F0-332EBAFD3498}"
EndProject
Global
	GlobalSection(SolutionConfigurationPlatforms) = preSolution
		Debug|x64 = Debug|x64
		Debug|x86 = Debug|x86
		Release|x64 = Release|x64
		Release|x86 = Release|x86
	EndGlobalSection
	GlobalSection(ProjectConfigurationPlatforms) = postSolution
		{F99BB002-B925-4A8F-B6C8-58D2504FB6FB}.Debug|x64.ActiveCfg = Debug|x64
		{F99BB002-B925-4A8F-B6C8-58D2504FB6FB}.Debug|x64.Build.0 = Debug|x64
		{F99BB002-B925-4A8F-B6C8-58D2504FB6FB}.Debug|x86.ActiveCfg = Debug|Win32
		{F99BB002-B925-4A8F-B6C8-58D2504FB6FB}.Debug|x86.Build.0 = Debug|Win32
		{F99BB002-B925-4A8F-B6C8-58D2504FB6FB}.Release|x64.ActiveCfg = Release|x64
		{F99BB002-B925-4A8F-B6C8-58D2504FB6FB}.Release|x64.Build.0 = Release|x64
		{F99BB002-B925-4A8F-B6C8-58D2504FB6FB}.Release|x86.ActiveCfg = Release|Win32
		{F99BB002-B925-4A8F-B6C8-58D2504FB6FB}.Release|x86.Build.0 = Release|Win32
		{9DB316EA-5B97-4132-BA69-243FF0009F32}.Debug|x64.ActiveCfg = Debug|x64
		{9DB316EA-5B97-4132-BA69-243FF0009F32}.Debug|x64.Build.0 = Debug|x64
		{9DB316EA-5B97-4132-BA69-243FF0009F32}.Debug|x86.ActiveCfg = Debug|Win32
		{9DB316EA-5B97-4132-BA69-243FF0009F32}.Debug|x86.Build.0 = Debug|Win32
		{9DB316EA-5B97-4132-BA69-243FF0009F32}.Release|x64.ActiveCfg = Release|x64
		{9DB316EA-5B97-4132-BA69-243FF0009F32}.Release|x64.Build.0 = Release|x64
		{9DB316EA-5B97-4132-BA69-243FF0009F32}.Release|x86.ActiveCfg = Release|Win32
		{9DB316EA-5B97-4132-BA69-243FF0009F32}.Release|x86.Build.0 = Release|Win32
		{012FA63F-31AE-47E7-9B54-E144AA0EE6DC}.Debug|x64.ActiveCfg = Debug|x64
		{012FA63F-31AE-47E7-9B54-E144AA0EE6DC}.Debug|x64.Build.0 = Debug|x64
		{012FA63F-31AE-47E7-9B54-E144AA0EE6DC}.Debug|x86.ActiveCfg = Debug|Win32
		{012FA63F-31AE-47E7-9B54-E144AA0EE6DC}.Debug|x86.Build.0 = Debug|Win32
		{012FA63F-31AE-47E7-9B54-E144AA0EE6DC}.Release|x64.ActiveCfg = Release|x64
		{012FA63F-31AE-47E7-9B54-E144AA0EE6DC}.Release|x64.Build.0 = Release|x64
		{012FA63F-31AE-47E7-9B54-E144AA0EE6DC}.Release|x86.ActiveCfg = Release|Win32
		{012FA63F-31AE-47E7-9B54-E144AA0EE6DC}.Release|x86.Build.0 = Release|Win32
		{FA321634-705C-42F8-B1F0-332EBAFD3498}.Debug|x64.ActiveCfg = Debug|x64
		{FA321634-705C-42F8-B1F0-332EBAFD3498}.Debug|x64.Build.0 = Debug|x64
		{FA321634-705C-42F8-B1F0-332EBAFD3498}.Debug|x86.ActiveCfg = Debug|Win32
		{FA321634-705C-42F8-B1F0-332EBAFD3498}.Debug|x86.Build.0 = Debug|Win32
		{FA321634-705C-42F8-B1F0-332EBAFD3498}.Release|x64.ActiveCfg = Release|x64
		{FA321634-705C-42F8-B1F0-332EBAFD3498}.Release|x64.Build.0 = Release|x64
		{FA321634-705C-42F8-B1F0-332EBAFD3498}.Release|x86.ActiveCfg = Release|Win32
		{FA321634-705C-42F8-B1F0-332EBAFD3498}.Release|x86.Build.0 = Release|Win32
	EndGlobalSection
	GlobalSection(SolutionProperties) = preSolution
		HideSolutionNode = FALSE
	EndGlobalSection
EndGlobal
